// !$*UTF8*$!
{
	archiveVersion = 1;
	classes = {
	};
	objectVersion = 46;
	objects = {

/* Begin PBXBuildFile section */
		5C1F1C2819514DF700AEB61E /* temp.png in Resources */ = {isa = PBXBuildFile; fileRef = 5C1F1C2619514DF700AEB61E /* temp.png */; };
		5C1F1C2919514DF700AEB61E /* temp@2x.png in Resources */ = {isa = PBXBuildFile; fileRef = 5C1F1C2719514DF700AEB61E /* temp@2x.png */; };
		5C1F1C2C1951658F00AEB61E /* ZoneSendTypeSelectViewController.m in Sources */ = {isa = PBXBuildFile; fileRef = 5C1F1C2B1951658F00AEB61E /* ZoneSendTypeSelectViewController.m */; };
		5C4C6D70195185E100B5BD12 /* closeicon_selecttype_press.png in Resources */ = {isa = PBXBuildFile; fileRef = 5C4C6D5C195185E100B5BD12 /* closeicon_selecttype_press.png */; };
		5C4C6D71195185E100B5BD12 /* closeicon_selecttype_press@2x.png in Resources */ = {isa = PBXBuildFile; fileRef = 5C4C6D5D195185E100B5BD12 /* closeicon_selecttype_press@2x.png */; };
		5C4C6D72195185E100B5BD12 /* closeicon_selecttype.png in Resources */ = {isa = PBXBuildFile; fileRef = 5C4C6D5E195185E100B5BD12 /* closeicon_selecttype.png */; };
		5C4C6D73195185E100B5BD12 /* closeicon_selecttype@2x.png in Resources */ = {isa = PBXBuildFile; fileRef = 5C4C6D5F195185E100B5BD12 /* closeicon_selecttype@2x.png */; };
		5C4C6D74195185E100B5BD12 /* gifbutton_selecttype_press.png in Resources */ = {isa = PBXBuildFile; fileRef = 5C4C6D60195185E100B5BD12 /* gifbutton_selecttype_press.png */; };
		5C4C6D75195185E100B5BD12 /* gifbutton_selecttype_press@2x.png in Resources */ = {isa = PBXBuildFile; fileRef = 5C4C6D61195185E100B5BD12 /* gifbutton_selecttype_press@2x.png */; };
		5C4C6D76195185E100B5BD12 /* gifbutton_selecttype.png in Resources */ = {isa = PBXBuildFile; fileRef = 5C4C6D62195185E100B5BD12 /* gifbutton_selecttype.png */; };
		5C4C6D77195185E100B5BD12 /* gifbutton_selecttype@2x.png in Resources */ = {isa = PBXBuildFile; fileRef = 5C4C6D63195185E100B5BD12 /* gifbutton_selecttype@2x.png */; };
		5C4C6D78195185E100B5BD12 /* picturebutton_selecttype_press.png in Resources */ = {isa = PBXBuildFile; fileRef = 5C4C6D64195185E100B5BD12 /* picturebutton_selecttype_press.png */; };
		5C4C6D79195185E100B5BD12 /* picturebutton_selecttype_press@2x.png in Resources */ = {isa = PBXBuildFile; fileRef = 5C4C6D65195185E100B5BD12 /* picturebutton_selecttype_press@2x.png */; };
		5C4C6D7A195185E100B5BD12 /* picturebutton_selecttype.png in Resources */ = {isa = PBXBuildFile; fileRef = 5C4C6D66195185E100B5BD12 /* picturebutton_selecttype.png */; };
		5C4C6D7B195185E100B5BD12 /* picturebutton_selecttype@2x.png in Resources */ = {isa = PBXBuildFile; fileRef = 5C4C6D67195185E100B5BD12 /* picturebutton_selecttype@2x.png */; };
		5C4C6D7C195185E100B5BD12 /* textbutton_selecttype_press.png in Resources */ = {isa = PBXBuildFile; fileRef = 5C4C6D68195185E100B5BD12 /* textbutton_selecttype_press.png */; };
		5C4C6D7D195185E100B5BD12 /* textbutton_selecttype_press@2x.png in Resources */ = {isa = PBXBuildFile; fileRef = 5C4C6D69195185E100B5BD12 /* textbutton_selecttype_press@2x.png */; };
		5C4C6D7E195185E100B5BD12 /* textbutton_selecttype.png in Resources */ = {isa = PBXBuildFile; fileRef = 5C4C6D6A195185E100B5BD12 /* textbutton_selecttype.png */; };
		5C4C6D7F195185E100B5BD12 /* textbutton_selecttype@2x.png in Resources */ = {isa = PBXBuildFile; fileRef = 5C4C6D6B195185E100B5BD12 /* textbutton_selecttype@2x.png */; };
		5C4C6D80195185E100B5BD12 /* videobutton_selecttype_press.png in Resources */ = {isa = PBXBuildFile; fileRef = 5C4C6D6C195185E100B5BD12 /* videobutton_selecttype_press.png */; };
		5C4C6D81195185E100B5BD12 /* videobutton_selecttype_press@2x.png in Resources */ = {isa = PBXBuildFile; fileRef = 5C4C6D6D195185E100B5BD12 /* videobutton_selecttype_press@2x.png */; };
		5C4C6D82195185E100B5BD12 /* videobutton_selecttype.png in Resources */ = {isa = PBXBuildFile; fileRef = 5C4C6D6E195185E100B5BD12 /* videobutton_selecttype.png */; };
		5C4C6D83195185E100B5BD12 /* videobutton_selecttype@2x.png in Resources */ = {isa = PBXBuildFile; fileRef = 5C4C6D6F195185E100B5BD12 /* videobutton_selecttype@2x.png */; };
		5C5D73E31952E66900699B5E /* UIBorderLabel.m in Sources */ = {isa = PBXBuildFile; fileRef = 5C5D73E21952E66900699B5E /* UIBorderLabel.m */; };
		5CA5C60A19504B1600EF22E2 /* Foundation.framework in Frameworks */ = {isa = PBXBuildFile; fileRef = 5CA5C60919504B1600EF22E2 /* Foundation.framework */; };
		5CA5C60C19504B1600EF22E2 /* CoreGraphics.framework in Frameworks */ = {isa = PBXBuildFile; fileRef = 5CA5C60B19504B1600EF22E2 /* CoreGraphics.framework */; };
		5CA5C60E19504B1600EF22E2 /* UIKit.framework in Frameworks */ = {isa = PBXBuildFile; fileRef = 5CA5C60D19504B1600EF22E2 /* UIKit.framework */; };
		5CA5C61419504B1600EF22E2 /* InfoPlist.strings in Resources */ = {isa = PBXBuildFile; fileRef = 5CA5C61219504B1600EF22E2 /* InfoPlist.strings */; };
		5CA5C61619504B1600EF22E2 /* main.m in Sources */ = {isa = PBXBuildFile; fileRef = 5CA5C61519504B1600EF22E2 /* main.m */; };
		5CA5C61A19504B1600EF22E2 /* KKAppDelegate.m in Sources */ = {isa = PBXBuildFile; fileRef = 5CA5C61919504B1600EF22E2 /* KKAppDelegate.m */; };
		5CA5C61D19504B1600EF22E2 /* Main.storyboard in Resources */ = {isa = PBXBuildFile; fileRef = 5CA5C61B19504B1600EF22E2 /* Main.storyboard */; };
		5CA5C62019504B1600EF22E2 /* KKFirstViewController.m in Sources */ = {isa = PBXBuildFile; fileRef = 5CA5C61F19504B1600EF22E2 /* KKFirstViewController.m */; };
		5CA5C62319504B1600EF22E2 /* KKSecondViewController.m in Sources */ = {isa = PBXBuildFile; fileRef = 5CA5C62219504B1600EF22E2 /* KKSecondViewController.m */; };
		5CA5C62519504B1600EF22E2 /* Images.xcassets in Resources */ = {isa = PBXBuildFile; fileRef = 5CA5C62419504B1600EF22E2 /* Images.xcassets */; };
		5CA5C62C19504B1600EF22E2 /* XCTest.framework in Frameworks */ = {isa = PBXBuildFile; fileRef = 5CA5C62B19504B1600EF22E2 /* XCTest.framework */; };
		5CA5C62D19504B1600EF22E2 /* Foundation.framework in Frameworks */ = {isa = PBXBuildFile; fileRef = 5CA5C60919504B1600EF22E2 /* Foundation.framework */; };
		5CA5C62E19504B1600EF22E2 /* UIKit.framework in Frameworks */ = {isa = PBXBuildFile; fileRef = 5CA5C60D19504B1600EF22E2 /* UIKit.framework */; };
		5CA5C63619504B1600EF22E2 /* InfoPlist.strings in Resources */ = {isa = PBXBuildFile; fileRef = 5CA5C63419504B1600EF22E2 /* InfoPlist.strings */; };
		5CA5C63819504B1600EF22E2 /* popmenuTests.m in Sources */ = {isa = PBXBuildFile; fileRef = 5CA5C63719504B1600EF22E2 /* popmenuTests.m */; };
		5CA5C646195052BA00EF22E2 /* ZonePopMenu.m in Sources */ = {isa = PBXBuildFile; fileRef = 5CA5C645195052BA00EF22E2 /* ZonePopMenu.m */; };
/* End PBXBuildFile section */

/* Begin PBXContainerItemProxy section */
		5CA5C62F19504B1600EF22E2 /* PBXContainerItemProxy */ = {
			isa = PBXContainerItemProxy;
			containerPortal = 5CA5C5FE19504B1600EF22E2 /* Project object */;
			proxyType = 1;
			remoteGlobalIDString = 5CA5C60519504B1600EF22E2;
			remoteInfo = popmenu;
		};
/* End PBXContainerItemProxy section */

/* Begin PBXFileReference section */
		5C1F1C2619514DF700AEB61E /* temp.png */ = {isa = PBXFileReference; lastKnownFileType = image.png; path = temp.png; sourceTree = "<group>"; };
		5C1F1C2719514DF700AEB61E /* temp@2x.png */ = {isa = PBXFileReference; lastKnownFileType = image.png; path = "temp@2x.png"; sourceTree = "<group>"; };
		5C1F1C2A1951658F00AEB61E /* ZoneSendTypeSelectViewController.h */ = {isa = PBXFileReference; fileEncoding = 4; lastKnownFileType = sourcecode.c.h; path = ZoneSendTypeSelectViewController.h; sourceTree = "<group>"; };
		5C1F1C2B1951658F00AEB61E /* ZoneSendTypeSelectViewController.m */ = {isa = PBXFileReference; fileEncoding = 4; lastKnownFileType = sourcecode.c.objc; path = ZoneSendTypeSelectViewController.m; sourceTree = "<group>"; };
		5C4C6D5C195185E100B5BD12 /* closeicon_selecttype_press.png */ = {isa = PBXFileReference; lastKnownFileType = image.png; path = closeicon_selecttype_press.png; sourceTree = "<group>"; };
		5C4C6D5D195185E100B5BD12 /* closeicon_selecttype_press@2x.png */ = {isa = PBXFileReference; lastKnownFileType = image.png; path = "closeicon_selecttype_press@2x.png"; sourceTree = "<group>"; };
		5C4C6D5E195185E100B5BD12 /* closeicon_selecttype.png */ = {isa = PBXFileReference; lastKnownFileType = image.png; path = closeicon_selecttype.png; sourceTree = "<group>"; };
		5C4C6D5F195185E100B5BD12 /* closeicon_selecttype@2x.png */ = {isa = PBXFileReference; lastKnownFileType = image.png; path = "closeicon_selecttype@2x.png"; sourceTree = "<group>"; };
		5C4C6D60195185E100B5BD12 /* gifbutton_selecttype_press.png */ = {isa = PBXFileReference; lastKnownFileType = image.png; path = gifbutton_selecttype_press.png; sourceTree = "<group>"; };
		5C4C6D61195185E100B5BD12 /* gifbutton_selecttype_press@2x.png */ = {isa = PBXFileReference; lastKnownFileType = image.png; path = "gifbutton_selecttype_press@2x.png"; sourceTree = "<group>"; };
		5C4C6D62195185E100B5BD12 /* gifbutton_selecttype.png */ = {isa = PBXFileReference; lastKnownFileType = image.png; path = gifbutton_selecttype.png; sourceTree = "<group>"; };
		5C4C6D63195185E100B5BD12 /* gifbutton_selecttype@2x.png */ = {isa = PBXFileReference; lastKnownFileType = image.png; path = "gifbutton_selecttype@2x.png"; sourceTree = "<group>"; };
		5C4C6D64195185E100B5BD12 /* picturebutton_selecttype_press.png */ = {isa = PBXFileReference; lastKnownFileType = image.png; path = picturebutton_selecttype_press.png; sourceTree = "<group>"; };
		5C4C6D65195185E100B5BD12 /* picturebutton_selecttype_press@2x.png */ = {isa = PBXFileReference; lastKnownFileType = image.png; path = "picturebutton_selecttype_press@2x.png"; sourceTree = "<group>"; };
		5C4C6D66195185E100B5BD12 /* picturebutton_selecttype.png */ = {isa = PBXFileReference; lastKnownFileType = image.png; path = picturebutton_selecttype.png; sourceTree = "<group>"; };
		5C4C6D67195185E100B5BD12 /* picturebutton_selecttype@2x.png */ = {isa = PBXFileReference; lastKnownFileType = image.png; path = "picturebutton_selecttype@2x.png"; sourceTree = "<group>"; };
		5C4C6D68195185E100B5BD12 /* textbutton_selecttype_press.png */ = {isa = PBXFileReference; lastKnownFileType = image.png; path = textbutton_selecttype_press.png; sourceTree = "<group>"; };
		5C4C6D69195185E100B5BD12 /* textbutton_selecttype_press@2x.png */ = {isa = PBXFileReference; lastKnownFileType = image.png; path = "textbutton_selecttype_press@2x.png"; sourceTree = "<group>"; };
		5C4C6D6A195185E100B5BD12 /* textbutton_selecttype.png */ = {isa = PBXFileReference; lastKnownFileType = image.png; path = textbutton_selecttype.png; sourceTree = "<group>"; };
		5C4C6D6B195185E100B5BD12 /* textbutton_selecttype@2x.png */ = {isa = PBXFileReference; lastKnownFileType = image.png; path = "textbutton_selecttype@2x.png"; sourceTree = "<group>"; };
		5C4C6D6C195185E100B5BD12 /* videobutton_selecttype_press.png */ = {isa = PBXFileReference; lastKnownFileType = image.png; path = videobutton_selecttype_press.png; sourceTree = "<group>"; };
		5C4C6D6D195185E100B5BD12 /* videobutton_selecttype_press@2x.png */ = {isa = PBXFileReference; lastKnownFileType = image.png; path = "videobutton_selecttype_press@2x.png"; sourceTree = "<group>"; };
		5C4C6D6E195185E100B5BD12 /* videobutton_selecttype.png */ = {isa = PBXFileReference; lastKnownFileType = image.png; path = videobutton_selecttype.png; sourceTree = "<group>"; };
		5C4C6D6F195185E100B5BD12 /* videobutton_selecttype@2x.png */ = {isa = PBXFileReference; lastKnownFileType = image.png; path = "videobutton_selecttype@2x.png"; sourceTree = "<group>"; };
		5C5D73E11952E66900699B5E /* UIBorderLabel.h */ = {isa = PBXFileReference; fileEncoding = 4; lastKnownFileType = sourcecode.c.h; path = UIBorderLabel.h; sourceTree = "<group>"; };
		5C5D73E21952E66900699B5E /* UIBorderLabel.m */ = {isa = PBXFileReference; fileEncoding = 4; lastKnownFileType = sourcecode.c.objc; path = UIBorderLabel.m; sourceTree = "<group>"; };
		5CA5C60619504B1600EF22E2 /* popmenu.app */ = {isa = PBXFileReference; explicitFileType = wrapper.application; includeInIndex = 0; path = popmenu.app; sourceTree = BUILT_PRODUCTS_DIR; };
		5CA5C60919504B1600EF22E2 /* Foundation.framework */ = {isa = PBXFileReference; lastKnownFileType = wrapper.framework; name = Foundation.framework; path = System/Library/Frameworks/Foundation.framework; sourceTree = SDKROOT; };
		5CA5C60B19504B1600EF22E2 /* CoreGraphics.framework */ = {isa = PBXFileReference; lastKnownFileType = wrapper.framework; name = CoreGraphics.framework; path = System/Library/Frameworks/CoreGraphics.framework; sourceTree = SDKROOT; };
		5CA5C60D19504B1600EF22E2 /* UIKit.framework */ = {isa = PBXFileReference; lastKnownFileType = wrapper.framework; name = UIKit.framework; path = System/Library/Frameworks/UIKit.framework; sourceTree = SDKROOT; };
		5CA5C61119504B1600EF22E2 /* popmenu-Info.plist */ = {isa = PBXFileReference; lastKnownFileType = text.plist.xml; path = "popmenu-Info.plist"; sourceTree = "<group>"; };
		5CA5C61319504B1600EF22E2 /* en */ = {isa = PBXFileReference; lastKnownFileType = text.plist.strings; name = en; path = en.lproj/InfoPlist.strings; sourceTree = "<group>"; };
		5CA5C61519504B1600EF22E2 /* main.m */ = {isa = PBXFileReference; lastKnownFileType = sourcecode.c.objc; path = main.m; sourceTree = "<group>"; };
		5CA5C61719504B1600EF22E2 /* popmenu-Prefix.pch */ = {isa = PBXFileReference; lastKnownFileType = sourcecode.c.h; path = "popmenu-Prefix.pch"; sourceTree = "<group>"; };
		5CA5C61819504B1600EF22E2 /* KKAppDelegate.h */ = {isa = PBXFileReference; lastKnownFileType = sourcecode.c.h; path = KKAppDelegate.h; sourceTree = "<group>"; };
		5CA5C61919504B1600EF22E2 /* KKAppDelegate.m */ = {isa = PBXFileReference; lastKnownFileType = sourcecode.c.objc; path = KKAppDelegate.m; sourceTree = "<group>"; };
		5CA5C61C19504B1600EF22E2 /* Base */ = {isa = PBXFileReference; lastKnownFileType = file.storyboard; name = Base; path = Base.lproj/Main.storyboard; sourceTree = "<group>"; };
		5CA5C61E19504B1600EF22E2 /* KKFirstViewController.h */ = {isa = PBXFileReference; lastKnownFileType = sourcecode.c.h; path = KKFirstViewController.h; sourceTree = "<group>"; };
		5CA5C61F19504B1600EF22E2 /* KKFirstViewController.m */ = {isa = PBXFileReference; lastKnownFileType = sourcecode.c.objc; path = KKFirstViewController.m; sourceTree = "<group>"; };
		5CA5C62119504B1600EF22E2 /* KKSecondViewController.h */ = {isa = PBXFileReference; lastKnownFileType = sourcecode.c.h; path = KKSecondViewController.h; sourceTree = "<group>"; };
		5CA5C62219504B1600EF22E2 /* KKSecondViewController.m */ = {isa = PBXFileReference; lastKnownFileType = sourcecode.c.objc; path = KKSecondViewController.m; sourceTree = "<group>"; };
		5CA5C62419504B1600EF22E2 /* Images.xcassets */ = {isa = PBXFileReference; lastKnownFileType = folder.assetcatalog; path = Images.xcassets; sourceTree = "<group>"; };
		5CA5C62A19504B1600EF22E2 /* popmenuTests.xctest */ = {isa = PBXFileReference; explicitFileType = wrapper.cfbundle; includeInIndex = 0; path = popmenuTests.xctest; sourceTree = BUILT_PRODUCTS_DIR; };
		5CA5C62B19504B1600EF22E2 /* XCTest.framework */ = {isa = PBXFileReference; lastKnownFileType = wrapper.framework; name = XCTest.framework; path = Library/Frameworks/XCTest.framework; sourceTree = DEVELOPER_DIR; };
		5CA5C63319504B1600EF22E2 /* popmenuTests-Info.plist */ = {isa = PBXFileReference; lastKnownFileType = text.plist.xml; path = "popmenuTests-Info.plist"; sourceTree = "<group>"; };
		5CA5C63519504B1600EF22E2 /* en */ = {isa = PBXFileReference; lastKnownFileType = text.plist.strings; name = en; path = en.lproj/InfoPlist.strings; sourceTree = "<group>"; };
		5CA5C63719504B1600EF22E2 /* popmenuTests.m */ = {isa = PBXFileReference; lastKnownFileType = sourcecode.c.objc; path = popmenuTests.m; sourceTree = "<group>"; };
		5CA5C644195052BA00EF22E2 /* ZonePopMenu.h */ = {isa = PBXFileReference; fileEncoding = 4; lastKnownFileType = sourcecode.c.h; path = ZonePopMenu.h; sourceTree = "<group>"; };
		5CA5C645195052BA00EF22E2 /* ZonePopMenu.m */ = {isa = PBXFileReference; fileEncoding = 4; lastKnownFileType = sourcecode.c.objc; path = ZonePopMenu.m; sourceTree = "<group>"; };
/* End PBXFileReference section */

/* Begin PBXFrameworksBuildPhase section */
		5CA5C60319504B1600EF22E2 /* Frameworks */ = {
			isa = PBXFrameworksBuildPhase;
			buildActionMask = 2147483647;
			files = (
				5CA5C60C19504B1600EF22E2 /* CoreGraphics.framework in Frameworks */,
				5CA5C60E19504B1600EF22E2 /* UIKit.framework in Frameworks */,
				5CA5C60A19504B1600EF22E2 /* Foundation.framework in Frameworks */,
			);
			runOnlyForDeploymentPostprocessing = 0;
		};
		5CA5C62719504B1600EF22E2 /* Frameworks */ = {
			isa = PBXFrameworksBuildPhase;
			buildActionMask = 2147483647;
			files = (
				5CA5C62C19504B1600EF22E2 /* XCTest.framework in Frameworks */,
				5CA5C62E19504B1600EF22E2 /* UIKit.framework in Frameworks */,
				5CA5C62D19504B1600EF22E2 /* Foundation.framework in Frameworks */,
			);
			runOnlyForDeploymentPostprocessing = 0;
		};
/* End PBXFrameworksBuildPhase section */

/* Begin PBXGroup section */
		5CA5C5FD19504B1600EF22E2 = {
			isa = PBXGroup;
			children = (
				5CA5C60F19504B1600EF22E2 /* popmenu */,
				5CA5C63119504B1600EF22E2 /* popmenuTests */,
				5CA5C60819504B1600EF22E2 /* Frameworks */,
				5CA5C60719504B1600EF22E2 /* Products */,
			);
			sourceTree = "<group>";
		};
		5CA5C60719504B1600EF22E2 /* Products */ = {
			isa = PBXGroup;
			children = (
				5CA5C60619504B1600EF22E2 /* popmenu.app */,
				5CA5C62A19504B1600EF22E2 /* popmenuTests.xctest */,
			);
			name = Products;
			sourceTree = "<group>";
		};
		5CA5C60819504B1600EF22E2 /* Frameworks */ = {
			isa = PBXGroup;
			children = (
				5CA5C60919504B1600EF22E2 /* Foundation.framework */,
				5CA5C60B19504B1600EF22E2 /* CoreGraphics.framework */,
				5CA5C60D19504B1600EF22E2 /* UIKit.framework */,
				5CA5C62B19504B1600EF22E2 /* XCTest.framework */,
			);
			name = Frameworks;
			sourceTree = "<group>";
		};
		5CA5C60F19504B1600EF22E2 /* popmenu */ = {
			isa = PBXGroup;
			children = (
				5CA80FB519513B7B0045B99D /* image */,
				5CA5C61819504B1600EF22E2 /* KKAppDelegate.h */,
				5CA5C61919504B1600EF22E2 /* KKAppDelegate.m */,
				5CA5C61B19504B1600EF22E2 /* Main.storyboard */,
				5CA5C61E19504B1600EF22E2 /* KKFirstViewController.h */,
				5CA5C61F19504B1600EF22E2 /* KKFirstViewController.m */,
				5CA5C644195052BA00EF22E2 /* ZonePopMenu.h */,
				5CA5C645195052BA00EF22E2 /* ZonePopMenu.m */,
				5CA5C62119504B1600EF22E2 /* KKSecondViewController.h */,
				5CA5C62219504B1600EF22E2 /* KKSecondViewController.m */,
				5CA5C62419504B1600EF22E2 /* Images.xcassets */,
				5CA5C61019504B1600EF22E2 /* Supporting Files */,
				5C1F1C2A1951658F00AEB61E /* ZoneSendTypeSelectViewController.h */,
				5C1F1C2B1951658F00AEB61E /* ZoneSendTypeSelectViewController.m */,
				5C5D73E11952E66900699B5E /* UIBorderLabel.h */,
				5C5D73E21952E66900699B5E /* UIBorderLabel.m */,
			);
			path = popmenu;
			sourceTree = "<group>";
		};
		5CA5C61019504B1600EF22E2 /* Supporting Files */ = {
			isa = PBXGroup;
			children = (
				5CA5C61119504B1600EF22E2 /* popmenu-Info.plist */,
				5CA5C61219504B1600EF22E2 /* InfoPlist.strings */,
				5CA5C61519504B1600EF22E2 /* main.m */,
				5CA5C61719504B1600EF22E2 /* popmenu-Prefix.pch */,
			);
			name = "Supporting Files";
			sourceTree = "<group>";
		};
		5CA5C63119504B1600EF22E2 /* popmenuTests */ = {
			isa = PBXGroup;
			children = (
				5CA5C63719504B1600EF22E2 /* popmenuTests.m */,
				5CA5C63219504B1600EF22E2 /* Supporting Files */,
			);
			path = popmenuTests;
			sourceTree = "<group>";
		};
		5CA5C63219504B1600EF22E2 /* Supporting Files */ = {
			isa = PBXGroup;
			children = (
				5CA5C63319504B1600EF22E2 /* popmenuTests-Info.plist */,
				5CA5C63419504B1600EF22E2 /* InfoPlist.strings */,
			);
			name = "Supporting Files";
			sourceTree = "<group>";
		};
		5CA80FB519513B7B0045B99D /* image */ = {
			isa = PBXGroup;
			children = (
				5C4C6D5C195185E100B5BD12 /* closeicon_selecttype_press.png */,
				5C4C6D5D195185E100B5BD12 /* closeicon_selecttype_press@2x.png */,
				5C4C6D5E195185E100B5BD12 /* closeicon_selecttype.png */,
				5C4C6D5F195185E100B5BD12 /* closeicon_selecttype@2x.png */,
				5C4C6D60195185E100B5BD12 /* gifbutton_selecttype_press.png */,
				5C4C6D61195185E100B5BD12 /* gifbutton_selecttype_press@2x.png */,
				5C4C6D62195185E100B5BD12 /* gifbutton_selecttype.png */,
				5C4C6D63195185E100B5BD12 /* gifbutton_selecttype@2x.png */,
				5C4C6D64195185E100B5BD12 /* picturebutton_selecttype_press.png */,
				5C4C6D65195185E100B5BD12 /* picturebutton_selecttype_press@2x.png */,
				5C4C6D66195185E100B5BD12 /* picturebutton_selecttype.png */,
				5C4C6D67195185E100B5BD12 /* picturebutton_selecttype@2x.png */,
				5C4C6D68195185E100B5BD12 /* textbutton_selecttype_press.png */,
				5C4C6D69195185E100B5BD12 /* textbutton_selecttype_press@2x.png */,
				5C4C6D6A195185E100B5BD12 /* textbutton_selecttype.png */,
				5C4C6D6B195185E100B5BD12 /* textbutton_selecttype@2x.png */,
				5C4C6D6C195185E100B5BD12 /* videobutton_selecttype_press.png */,
				5C4C6D6D195185E100B5BD12 /* videobutton_selecttype_press@2x.png */,
				5C4C6D6E195185E100B5BD12 /* videobutton_selecttype.png */,
				5C4C6D6F195185E100B5BD12 /* videobutton_selecttype@2x.png */,
				5C1F1C2619514DF700AEB61E /* temp.png */,
				5C1F1C2719514DF700AEB61E /* temp@2x.png */,
			);
			path = image;
			sourceTree = "<group>";
		};
/* End PBXGroup section */

/* Begin PBXNativeTarget section */
		5CA5C60519504B1600EF22E2 /* popmenu */ = {
			isa = PBXNativeTarget;
			buildConfigurationList = 5CA5C63B19504B1600EF22E2 /* Build configuration list for PBXNativeTarget "popmenu" */;
			buildPhases = (
				5CA5C60219504B1600EF22E2 /* Sources */,
				5CA5C60319504B1600EF22E2 /* Frameworks */,
				5CA5C60419504B1600EF22E2 /* Resources */,
			);
			buildRules = (
			);
			dependencies = (
			);
			name = popmenu;
			productName = popmenu;
			productReference = 5CA5C60619504B1600EF22E2 /* popmenu.app */;
			productType = "com.apple.product-type.application";
		};
		5CA5C62919504B1600EF22E2 /* popmenuTests */ = {
			isa = PBXNativeTarget;
			buildConfigurationList = 5CA5C63E19504B1600EF22E2 /* Build configuration list for PBXNativeTarget "popmenuTests" */;
			buildPhases = (
				5CA5C62619504B1600EF22E2 /* Sources */,
				5CA5C62719504B1600EF22E2 /* Frameworks */,
				5CA5C62819504B1600EF22E2 /* Resources */,
			);
			buildRules = (
			);
			dependencies = (
				5CA5C63019504B1600EF22E2 /* PBXTargetDependency */,
			);
			name = popmenuTests;
			productName = popmenuTests;
			productReference = 5CA5C62A19504B1600EF22E2 /* popmenuTests.xctest */;
			productType = "com.apple.product-type.bundle.unit-test";
		};
/* End PBXNativeTarget section */

/* Begin PBXProject section */
		5CA5C5FE19504B1600EF22E2 /* Project object */ = {
			isa = PBXProject;
			attributes = {
				CLASSPREFIX = KK;
				LastUpgradeCheck = 0510;
				ORGANIZATIONNAME = kk;
				TargetAttributes = {
					5CA5C62919504B1600EF22E2 = {
						TestTargetID = 5CA5C60519504B1600EF22E2;
					};
				};
			};
			buildConfigurationList = 5CA5C60119504B1600EF22E2 /* Build configuration list for PBXProject "popmenu" */;
			compatibilityVersion = "Xcode 3.2";
			developmentRegion = English;
			hasScannedForEncodings = 0;
			knownRegions = (
				en,
				Base,
			);
			mainGroup = 5CA5C5FD19504B1600EF22E2;
			productRefGroup = 5CA5C60719504B1600EF22E2 /* Products */;
			projectDirPath = "";
			projectRoot = "";
			targets = (
				5CA5C60519504B1600EF22E2 /* popmenu */,
				5CA5C62919504B1600EF22E2 /* popmenuTests */,
			);
		};
/* End PBXProject section */

/* Begin PBXResourcesBuildPhase section */
		5CA5C60419504B1600EF22E2 /* Resources */ = {
			isa = PBXResourcesBuildPhase;
			buildActionMask = 2147483647;
			files = (
				5C4C6D79195185E100B5BD12 /* picturebutton_selecttype_press@2x.png in Resources */,
				5C4C6D82195185E100B5BD12 /* videobutton_selecttype.png in Resources */,
				5C4C6D78195185E100B5BD12 /* picturebutton_selecttype_press.png in Resources */,
				5C4C6D71195185E100B5BD12 /* closeicon_selecttype_press@2x.png in Resources */,
				5C1F1C2919514DF700AEB61E /* temp@2x.png in Resources */,
				5C4C6D80195185E100B5BD12 /* videobutton_selecttype_press.png in Resources */,
				5CA5C62519504B1600EF22E2 /* Images.xcassets in Resources */,
				5C4C6D83195185E100B5BD12 /* videobutton_selecttype@2x.png in Resources */,
				5C4C6D72195185E100B5BD12 /* closeicon_selecttype.png in Resources */,
				5CA5C61419504B1600EF22E2 /* InfoPlist.strings in Resources */,
				5C4C6D77195185E100B5BD12 /* gifbutton_selecttype@2x.png in Resources */,
				5C4C6D7A195185E100B5BD12 /* picturebutton_selecttype.png in Resources */,
				5C4C6D73195185E100B5BD12 /* closeicon_selecttype@2x.png in Resources */,
				5C4C6D76195185E100B5BD12 /* gifbutton_selecttype.png in Resources */,
				5C4C6D74195185E100B5BD12 /* gifbutton_selecttype_press.png in Resources */,
				5C4C6D75195185E100B5BD12 /* gifbutton_selecttype_press@2x.png in Resources */,
				5C4C6D7B195185E100B5BD12 /* picturebutton_selecttype@2x.png in Resources */,
				5C4C6D7E195185E100B5BD12 /* textbutton_selecttype.png in Resources */,
				5C4C6D7C195185E100B5BD12 /* textbutton_selecttype_press.png in Resources */,
				5C4C6D70195185E100B5BD12 /* closeicon_selecttype_press.png in Resources */,
				5C4C6D81195185E100B5BD12 /* videobutton_selecttype_press@2x.png in Resources */,
				5C4C6D7D195185E100B5BD12 /* textbutton_selecttype_press@2x.png in Resources */,
				5C4C6D7F195185E100B5BD12 /* textbutton_selecttype@2x.png in Resources */,
				5C1F1C2819514DF700AEB61E /* temp.png in Resources */,
				5CA5C61D19504B1600EF22E2 /* Main.storyboard in Resources */,
			);
			runOnlyForDeploymentPostprocessing = 0;
		};
		5CA5C62819504B1600EF22E2 /* Resources */ = {
			isa = PBXResourcesBuildPhase;
			buildActionMask = 2147483647;
			files = (
				5CA5C63619504B1600EF22E2 /* InfoPlist.strings in Resources */,
			);
			runOnlyForDeploymentPostprocessing = 0;
		};
/* End PBXResourcesBuildPhase section */

/* Begin PBXSourcesBuildPhase section */
		5CA5C60219504B1600EF22E2 /* Sources */ = {
			isa = PBXSourcesBuildPhase;
			buildActionMask = 2147483647;
			files = (
				5CA5C62319504B1600EF22E2 /* KKSecondViewController.m in Sources */,
				5C5D73E31952E66900699B5E /* UIBorderLabel.m in Sources */,
				5CA5C62019504B1600EF22E2 /* KKFirstViewController.m in Sources */,
				5C1F1C2C1951658F00AEB61E /* ZoneSendTypeSelectViewController.m in Sources */,
				5CA5C61A19504B1600EF22E2 /* KKAppDelegate.m in Sources */,
				5CA5C646195052BA00EF22E2 /* ZonePopMenu.m in Sources */,
				5CA5C61619504B1600EF22E2 /* main.m in Sources */,
			);
			runOnlyForDeploymentPostprocessing = 0;
		};
		5CA5C62619504B1600EF22E2 /* Sources */ = {
			isa = PBXSourcesBuildPhase;
			buildActionMask = 2147483647;
			files = (
				5CA5C63819504B1600EF22E2 /* popmenuTests.m in Sources */,
			);
			runOnlyForDeploymentPostprocessing = 0;
		};
/* End PBXSourcesBuildPhase section */

/* Begin PBXTargetDependency section */
		5CA5C63019504B1600EF22E2 /* PBXTargetDependency */ = {
			isa = PBXTargetDependency;
			target = 5CA5C60519504B1600EF22E2 /* popmenu */;
			targetProxy = 5CA5C62F19504B1600EF22E2 /* PBXContainerItemProxy */;
		};
/* End PBXTargetDependency section */

/* Begin PBXVariantGroup section */
		5CA5C61219504B1600EF22E2 /* InfoPlist.strings */ = {
			isa = PBXVariantGroup;
			children = (
				5CA5C61319504B1600EF22E2 /* en */,
			);
			name = InfoPlist.strings;
			sourceTree = "<group>";
		};
		5CA5C61B19504B1600EF22E2 /* Main.storyboard */ = {
			isa = PBXVariantGroup;
			children = (
				5CA5C61C19504B1600EF22E2 /* Base */,
			);
			name = Main.storyboard;
			sourceTree = "<group>";
		};
		5CA5C63419504B1600EF22E2 /* InfoPlist.strings */ = {
			isa = PBXVariantGroup;
			children = (
				5CA5C63519504B1600EF22E2 /* en */,
			);
			name = InfoPlist.strings;
			sourceTree = "<group>";
		};
/* End PBXVariantGroup section */

/* Begin XCBuildConfiguration section */
		5CA5C63919504B1600EF22E2 /* Debug */ = {
			isa = XCBuildConfiguration;
			buildSettings = {
				ALWAYS_SEARCH_USER_PATHS = NO;
				CLANG_CXX_LANGUAGE_STANDARD = "gnu++0x";
				CLANG_CXX_LIBRARY = "libc++";
				CLANG_ENABLE_MODULES = YES;
				CLANG_ENABLE_OBJC_ARC = YES;
				CLANG_WARN_BOOL_CONVERSION = YES;
				CLANG_WARN_CONSTANT_CONVERSION = YES;
				CLANG_WARN_DIRECT_OBJC_ISA_USAGE = YES_ERROR;
				CLANG_WARN_EMPTY_BODY = YES;
				CLANG_WARN_ENUM_CONVERSION = YES;
				CLANG_WARN_INT_CONVERSION = YES;
				CLANG_WARN_OBJC_ROOT_CLASS = YES_ERROR;
				CLANG_WARN__DUPLICATE_METHOD_MATCH = YES;
				"CODE_SIGN_IDENTITY[sdk=iphoneos*]" = "iPhone Developer";
				COPY_PHASE_STRIP = NO;
				GCC_C_LANGUAGE_STANDARD = gnu99;
				GCC_DYNAMIC_NO_PIC = NO;
				GCC_OPTIMIZATION_LEVEL = 0;
				GCC_PREPROCESSOR_DEFINITIONS = (
					"DEBUG=1",
					"$(inherited)",
				);
				GCC_SYMBOLS_PRIVATE_EXTERN = NO;
				GCC_WARN_64_TO_32_BIT_CONVERSION = YES;
				GCC_WARN_ABOUT_RETURN_TYPE = YES_ERROR;
				GCC_WARN_UNDECLARED_SELECTOR = YES;
				GCC_WARN_UNINITIALIZED_AUTOS = YES_AGGRESSIVE;
				GCC_WARN_UNUSED_FUNCTION = YES;
				GCC_WARN_UNUSED_VARIABLE = YES;
				IPHONEOS_DEPLOYMENT_TARGET = 7.1;
				ONLY_ACTIVE_ARCH = YES;
				SDKROOT = iphoneos;
			};
			name = Debug;
		};
		5CA5C63A19504B1600EF22E2 /* Release */ = {
			isa = XCBuildConfiguration;
			buildSettings = {
				ALWAYS_SEARCH_USER_PATHS = NO;
				CLANG_CXX_LANGUAGE_STANDARD = "gnu++0x";
				CLANG_CXX_LIBRARY = "libc++";
				CLANG_ENABLE_MODULES = YES;
				CLANG_ENABLE_OBJC_ARC = YES;
				CLANG_WARN_BOOL_CONVERSION = YES;
				CLANG_WARN_CONSTANT_CONVERSION = YES;
				CLANG_WARN_DIRECT_OBJC_ISA_USAGE = YES_ERROR;
				CLANG_WARN_EMPTY_BODY = YES;
				CLANG_WARN_ENUM_CONVERSION = YES;
				CLANG_WARN_INT_CONVERSION = YES;
				CLANG_WARN_OBJC_ROOT_CLASS = YES_ERROR;
				CLANG_WARN__DUPLICATE_METHOD_MATCH = YES;
				"CODE_SIGN_IDENTITY[sdk=iphoneos*]" = "iPhone Developer";
				COPY_PHASE_STRIP = YES;
				ENABLE_NS_ASSERTIONS = NO;
				GCC_C_LANGUAGE_STANDARD = gnu99;
				GCC_WARN_64_TO_32_BIT_CONVERSION = YES;
				GCC_WARN_ABOUT_RETURN_TYPE = YES_ERROR;
				GCC_WARN_UNDECLARED_SELECTOR = YES;
				GCC_WARN_UNINITIALIZED_AUTOS = YES_AGGRESSIVE;
				GCC_WARN_UNUSED_FUNCTION = YES;
				GCC_WARN_UNUSED_VARIABLE = YES;
				IPHONEOS_DEPLOYMENT_TARGET = 7.1;
				SDKROOT = iphoneos;
				VALIDATE_PRODUCT = YES;
			};
			name = Release;
		};
		5CA5C63C19504B1600EF22E2 /* Debug */ = {
			isa = XCBuildConfiguration;
			buildSettings = {
				ASSETCATALOG_COMPILER_APPICON_NAME = AppIcon;
				ASSETCATALOG_COMPILER_LAUNCHIMAGE_NAME = LaunchImage;
				GCC_PRECOMPILE_PREFIX_HEADER = YES;
				GCC_PREFIX_HEADER = "popmenu/popmenu-Prefix.pch";
				INFOPLIST_FILE = "popmenu/popmenu-Info.plist";
				IPHONEOS_DEPLOYMENT_TARGET = 6.0;
				PRODUCT_NAME = "$(TARGET_NAME)";
				WRAPPER_EXTENSION = app;
			};
			name = Debug;
		};
		5CA5C63D19504B1600EF22E2 /* Release */ = {
			isa = XCBuildConfiguration;
			buildSettings = {
				ASSETCATALOG_COMPILER_APPICON_NAME = AppIcon;
				ASSETCATALOG_COMPILER_LAUNCHIMAGE_NAME = LaunchImage;
				GCC_PRECOMPILE_PREFIX_HEADER = YES;
				GCC_PREFIX_HEADER = "popmenu/popmenu-Prefix.pch";
				INFOPLIST_FILE = "popmenu/popmenu-Info.plist";
				IPHONEOS_DEPLOYMENT_TARGET = 6.0;
				PRODUCT_NAME = "$(TARGET_NAME)";
				WRAPPER_EXTENSION = app;
			};
			name = Release;
		};
		5CA5C63F19504B1600EF22E2 /* Debug */ = {
			isa = XCBuildConfiguration;
			buildSettings = {
				BUNDLE_LOADER = "$(BUILT_PRODUCTS_DIR)/popmenu.app/popmenu";
				FRAMEWORK_SEARCH_PATHS = (
					"$(SDKROOT)/Developer/Library/Frameworks",
					"$(inherited)",
					"$(DEVELOPER_FRAMEWORKS_DIR)",
				);
				GCC_PRECOMPILE_PREFIX_HEADER = YES;
				GCC_PREFIX_HEADER = "popmenu/popmenu-Prefix.pch";
				GCC_PREPROCESSOR_DEFINITIONS = (
					"DEBUG=1",
					"$(inherited)",
				);
				INFOPLIST_FILE = "popmenuTests/popmenuTests-Info.plist";
				PRODUCT_NAME = "$(TARGET_NAME)";
				TEST_HOST = "$(BUNDLE_LOADER)";
				WRAPPER_EXTENSION = xctest;
			};
			name = Debug;
		};
		5CA5C64019504B1600EF22E2 /* Release */ = {
			isa = XCBuildConfiguration;
			buildSettings = {
				BUNDLE_LOADER = "$(BUILT_PRODUCTS_DIR)/popmenu.app/popmenu";
				FRAMEWORK_SEARCH_PATHS = (
					"$(SDKROOT)/Developer/Library/Frameworks",
					"$(inherited)",
					"$(DEVELOPER_FRAMEWORKS_DIR)",
				);
				GCC_PRECOMPILE_PREFIX_HEADER = YES;
				GCC_PREFIX_HEADER = "popmenu/popmenu-Prefix.pch";
				INFOPLIST_FILE = "popmenuTests/popmenuTests-Info.plist";
				PRODUCT_NAME = "$(TARGET_NAME)";
				TEST_HOST = "$(BUNDLE_LOADER)";
				WRAPPER_EXTENSION = xctest;
			};
			name = Release;
		};
/* End XCBuildConfiguration section */

/* Begin XCConfigurationList section */
		5CA5C60119504B1600EF22E2 /* Build configuration list for PBXProject "popmenu" */ = {
			isa = XCConfigurationList;
			buildConfigurations = (
				5CA5C63919504B1600EF22E2 /* Debug */,
				5CA5C63A19504B1600EF22E2 /* Release */,
			);
			defaultConfigurationIsVisible = 0;
			defaultConfigurationName = Release;
		};
		5CA5C63B19504B1600EF22E2 /* Build configuration list for PBXNativeTarget "popmenu" */ = {
			isa = XCConfigurationList;
			buildConfigurations = (
				5CA5C63C19504B1600EF22E2 /* Debug */,
				5CA5C63D19504B1600EF22E2 /* Release */,
			);
			defaultConfigurationIsVisible = 0;
			defaultConfigurationName = Release;
		};
		5CA5C63E19504B1600EF22E2 /* Build configuration list for PBXNativeTarget "popmenuTests" */ = {
			isa = XCConfigurationList;
			buildConfigurations = (
				5CA5C63F19504B1600EF22E2 /* Debug */,
				5CA5C64019504B1600EF22E2 /* Release */,
			);
			defaultConfigurationIsVisible = 0;
			defaultConfigurationName = Release;
		};
/* End XCConfigurationList section */
	};
	rootObject = 5CA5C5FE19504B1600EF22E2 /* Project object */;
}
