// !$*UTF8*$!
{
	archiveVersion = 1;
	classes = {
	};
	objectVersion = 46;
	objects = {

/* Begin PBXBuildFile section */
		5C9C5153193841E600DC3CB3 /* Foundation.framework in Frameworks */ = {isa = PBXBuildFile; fileRef = 5C9C5152193841E600DC3CB3 /* Foundation.framework */; };
		5C9C5155193841E600DC3CB3 /* CoreGraphics.framework in Frameworks */ = {isa = PBXBuildFile; fileRef = 5C9C5154193841E600DC3CB3 /* CoreGraphics.framework */; };
		5C9C5157193841E600DC3CB3 /* UIKit.framework in Frameworks */ = {isa = PBXBuildFile; fileRef = 5C9C5156193841E600DC3CB3 /* UIKit.framework */; };
		5C9C515D193841E600DC3CB3 /* InfoPlist.strings in Resources */ = {isa = PBXBuildFile; fileRef = 5C9C515B193841E600DC3CB3 /* InfoPlist.strings */; };
		5C9C515F193841E600DC3CB3 /* main.m in Sources */ = {isa = PBXBuildFile; fileRef = 5C9C515E193841E600DC3CB3 /* main.m */; };
		5C9C5163193841E600DC3CB3 /* KKAppDelegate.m in Sources */ = {isa = PBXBuildFile; fileRef = 5C9C5162193841E600DC3CB3 /* KKAppDelegate.m */; };
		5C9C5166193841E600DC3CB3 /* Main.storyboard in Resources */ = {isa = PBXBuildFile; fileRef = 5C9C5164193841E600DC3CB3 /* Main.storyboard */; };
		5C9C5169193841E600DC3CB3 /* KKFirstViewController.m in Sources */ = {isa = PBXBuildFile; fileRef = 5C9C5168193841E600DC3CB3 /* KKFirstViewController.m */; };
		5C9C516C193841E600DC3CB3 /* KKSecondViewController.m in Sources */ = {isa = PBXBuildFile; fileRef = 5C9C516B193841E600DC3CB3 /* KKSecondViewController.m */; };
		5C9C516E193841E600DC3CB3 /* Images.xcassets in Resources */ = {isa = PBXBuildFile; fileRef = 5C9C516D193841E600DC3CB3 /* Images.xcassets */; };
		5C9C5175193841E600DC3CB3 /* XCTest.framework in Frameworks */ = {isa = PBXBuildFile; fileRef = 5C9C5174193841E600DC3CB3 /* XCTest.framework */; };
		5C9C5176193841E600DC3CB3 /* Foundation.framework in Frameworks */ = {isa = PBXBuildFile; fileRef = 5C9C5152193841E600DC3CB3 /* Foundation.framework */; };
		5C9C5177193841E600DC3CB3 /* UIKit.framework in Frameworks */ = {isa = PBXBuildFile; fileRef = 5C9C5156193841E600DC3CB3 /* UIKit.framework */; };
		5C9C517F193841E600DC3CB3 /* InfoPlist.strings in Resources */ = {isa = PBXBuildFile; fileRef = 5C9C517D193841E600DC3CB3 /* InfoPlist.strings */; };
		5C9C5181193841E600DC3CB3 /* demoClassClustersTests.m in Sources */ = {isa = PBXBuildFile; fileRef = 5C9C5180193841E600DC3CB3 /* demoClassClustersTests.m */; };
/* End PBXBuildFile section */

/* Begin PBXContainerItemProxy section */
		5C9C5178193841E600DC3CB3 /* PBXContainerItemProxy */ = {
			isa = PBXContainerItemProxy;
			containerPortal = 5C9C5147193841E600DC3CB3 /* Project object */;
			proxyType = 1;
			remoteGlobalIDString = 5C9C514E193841E600DC3CB3;
			remoteInfo = demoClassClusters;
		};
/* End PBXContainerItemProxy section */

/* Begin PBXFileReference section */
		5C9C514F193841E600DC3CB3 /* demoClassClusters.app */ = {isa = PBXFileReference; explicitFileType = wrapper.application; includeInIndex = 0; path = demoClassClusters.app; sourceTree = BUILT_PRODUCTS_DIR; };
		5C9C5152193841E600DC3CB3 /* Foundation.framework */ = {isa = PBXFileReference; lastKnownFileType = wrapper.framework; name = Foundation.framework; path = System/Library/Frameworks/Foundation.framework; sourceTree = SDKROOT; };
		5C9C5154193841E600DC3CB3 /* CoreGraphics.framework */ = {isa = PBXFileReference; lastKnownFileType = wrapper.framework; name = CoreGraphics.framework; path = System/Library/Frameworks/CoreGraphics.framework; sourceTree = SDKROOT; };
		5C9C5156193841E600DC3CB3 /* UIKit.framework */ = {isa = PBXFileReference; lastKnownFileType = wrapper.framework; name = UIKit.framework; path = System/Library/Frameworks/UIKit.framework; sourceTree = SDKROOT; };
		5C9C515A193841E600DC3CB3 /* demoClassClusters-Info.plist */ = {isa = PBXFileReference; lastKnownFileType = text.plist.xml; path = "demoClassClusters-Info.plist"; sourceTree = "<group>"; };
		5C9C515C193841E600DC3CB3 /* en */ = {isa = PBXFileReference; lastKnownFileType = text.plist.strings; name = en; path = en.lproj/InfoPlist.strings; sourceTree = "<group>"; };
		5C9C515E193841E600DC3CB3 /* main.m */ = {isa = PBXFileReference; lastKnownFileType = sourcecode.c.objc; path = main.m; sourceTree = "<group>"; };
		5C9C5160193841E600DC3CB3 /* demoClassClusters-Prefix.pch */ = {isa = PBXFileReference; lastKnownFileType = sourcecode.c.h; path = "demoClassClusters-Prefix.pch"; sourceTree = "<group>"; };
		5C9C5161193841E600DC3CB3 /* KKAppDelegate.h */ = {isa = PBXFileReference; lastKnownFileType = sourcecode.c.h; path = KKAppDelegate.h; sourceTree = "<group>"; };
		5C9C5162193841E600DC3CB3 /* KKAppDelegate.m */ = {isa = PBXFileReference; lastKnownFileType = sourcecode.c.objc; path = KKAppDelegate.m; sourceTree = "<group>"; };
		5C9C5165193841E600DC3CB3 /* Base */ = {isa = PBXFileReference; lastKnownFileType = file.storyboard; name = Base; path = Base.lproj/Main.storyboard; sourceTree = "<group>"; };
		5C9C5167193841E600DC3CB3 /* KKFirstViewController.h */ = {isa = PBXFileReference; lastKnownFileType = sourcecode.c.h; path = KKFirstViewController.h; sourceTree = "<group>"; };
		5C9C5168193841E600DC3CB3 /* KKFirstViewController.m */ = {isa = PBXFileReference; lastKnownFileType = sourcecode.c.objc; path = KKFirstViewController.m; sourceTree = "<group>"; };
		5C9C516A193841E600DC3CB3 /* KKSecondViewController.h */ = {isa = PBXFileReference; lastKnownFileType = sourcecode.c.h; path = KKSecondViewController.h; sourceTree = "<group>"; };
		5C9C516B193841E600DC3CB3 /* KKSecondViewController.m */ = {isa = PBXFileReference; lastKnownFileType = sourcecode.c.objc; path = KKSecondViewController.m; sourceTree = "<group>"; };
		5C9C516D193841E600DC3CB3 /* Images.xcassets */ = {isa = PBXFileReference; lastKnownFileType = folder.assetcatalog; path = Images.xcassets; sourceTree = "<group>"; };
		5C9C5173193841E600DC3CB3 /* demoClassClustersTests.xctest */ = {isa = PBXFileReference; explicitFileType = wrapper.cfbundle; includeInIndex = 0; path = demoClassClustersTests.xctest; sourceTree = BUILT_PRODUCTS_DIR; };
		5C9C5174193841E600DC3CB3 /* XCTest.framework */ = {isa = PBXFileReference; lastKnownFileType = wrapper.framework; name = XCTest.framework; path = Library/Frameworks/XCTest.framework; sourceTree = DEVELOPER_DIR; };
		5C9C517C193841E600DC3CB3 /* demoClassClustersTests-Info.plist */ = {isa = PBXFileReference; lastKnownFileType = text.plist.xml; path = "demoClassClustersTests-Info.plist"; sourceTree = "<group>"; };
		5C9C517E193841E600DC3CB3 /* en */ = {isa = PBXFileReference; lastKnownFileType = text.plist.strings; name = en; path = en.lproj/InfoPlist.strings; sourceTree = "<group>"; };
		5C9C5180193841E600DC3CB3 /* demoClassClustersTests.m */ = {isa = PBXFileReference; lastKnownFileType = sourcecode.c.objc; path = demoClassClustersTests.m; sourceTree = "<group>"; };
/* End PBXFileReference section */

/* Begin PBXFrameworksBuildPhase section */
		5C9C514C193841E600DC3CB3 /* Frameworks */ = {
			isa = PBXFrameworksBuildPhase;
			buildActionMask = 2147483647;
			files = (
				5C9C5155193841E600DC3CB3 /* CoreGraphics.framework in Frameworks */,
				5C9C5157193841E600DC3CB3 /* UIKit.framework in Frameworks */,
				5C9C5153193841E600DC3CB3 /* Foundation.framework in Frameworks */,
			);
			runOnlyForDeploymentPostprocessing = 0;
		};
		5C9C5170193841E600DC3CB3 /* Frameworks */ = {
			isa = PBXFrameworksBuildPhase;
			buildActionMask = 2147483647;
			files = (
				5C9C5175193841E600DC3CB3 /* XCTest.framework in Frameworks */,
				5C9C5177193841E600DC3CB3 /* UIKit.framework in Frameworks */,
				5C9C5176193841E600DC3CB3 /* Foundation.framework in Frameworks */,
			);
			runOnlyForDeploymentPostprocessing = 0;
		};
/* End PBXFrameworksBuildPhase section */

/* Begin PBXGroup section */
		5C9C5146193841E600DC3CB3 = {
			isa = PBXGroup;
			children = (
				5C9C5158193841E600DC3CB3 /* demoClassClusters */,
				5C9C517A193841E600DC3CB3 /* demoClassClustersTests */,
				5C9C5151193841E600DC3CB3 /* Frameworks */,
				5C9C5150193841E600DC3CB3 /* Products */,
			);
			sourceTree = "<group>";
		};
		5C9C5150193841E600DC3CB3 /* Products */ = {
			isa = PBXGroup;
			children = (
				5C9C514F193841E600DC3CB3 /* demoClassClusters.app */,
				5C9C5173193841E600DC3CB3 /* demoClassClustersTests.xctest */,
			);
			name = Products;
			sourceTree = "<group>";
		};
		5C9C5151193841E600DC3CB3 /* Frameworks */ = {
			isa = PBXGroup;
			children = (
				5C9C5152193841E600DC3CB3 /* Foundation.framework */,
				5C9C5154193841E600DC3CB3 /* CoreGraphics.framework */,
				5C9C5156193841E600DC3CB3 /* UIKit.framework */,
				5C9C5174193841E600DC3CB3 /* XCTest.framework */,
			);
			name = Frameworks;
			sourceTree = "<group>";
		};
		5C9C5158193841E600DC3CB3 /* demoClassClusters */ = {
			isa = PBXGroup;
			children = (
				5C9C5161193841E600DC3CB3 /* KKAppDelegate.h */,
				5C9C5162193841E600DC3CB3 /* KKAppDelegate.m */,
				5C9C5164193841E600DC3CB3 /* Main.storyboard */,
				5C9C5167193841E600DC3CB3 /* KKFirstViewController.h */,
				5C9C5168193841E600DC3CB3 /* KKFirstViewController.m */,
				5C9C516A193841E600DC3CB3 /* KKSecondViewController.h */,
				5C9C516B193841E600DC3CB3 /* KKSecondViewController.m */,
				5C9C516D193841E600DC3CB3 /* Images.xcassets */,
				5C9C5159193841E600DC3CB3 /* Supporting Files */,
			);
			path = demoClassClusters;
			sourceTree = "<group>";
		};
		5C9C5159193841E600DC3CB3 /* Supporting Files */ = {
			isa = PBXGroup;
			children = (
				5C9C515A193841E600DC3CB3 /* demoClassClusters-Info.plist */,
				5C9C515B193841E600DC3CB3 /* InfoPlist.strings */,
				5C9C515E193841E600DC3CB3 /* main.m */,
				5C9C5160193841E600DC3CB3 /* demoClassClusters-Prefix.pch */,
			);
			name = "Supporting Files";
			sourceTree = "<group>";
		};
		5C9C517A193841E600DC3CB3 /* demoClassClustersTests */ = {
			isa = PBXGroup;
			children = (
				5C9C5180193841E600DC3CB3 /* demoClassClustersTests.m */,
				5C9C517B193841E600DC3CB3 /* Supporting Files */,
			);
			path = demoClassClustersTests;
			sourceTree = "<group>";
		};
		5C9C517B193841E600DC3CB3 /* Supporting Files */ = {
			isa = PBXGroup;
			children = (
				5C9C517C193841E600DC3CB3 /* demoClassClustersTests-Info.plist */,
				5C9C517D193841E600DC3CB3 /* InfoPlist.strings */,
			);
			name = "Supporting Files";
			sourceTree = "<group>";
		};
/* End PBXGroup section */

/* Begin PBXNativeTarget section */
		5C9C514E193841E600DC3CB3 /* demoClassClusters */ = {
			isa = PBXNativeTarget;
			buildConfigurationList = 5C9C5184193841E600DC3CB3 /* Build configuration list for PBXNativeTarget "demoClassClusters" */;
			buildPhases = (
				5C9C514B193841E600DC3CB3 /* Sources */,
				5C9C514C193841E600DC3CB3 /* Frameworks */,
				5C9C514D193841E600DC3CB3 /* Resources */,
			);
			buildRules = (
			);
			dependencies = (
			);
			name = demoClassClusters;
			productName = demoClassClusters;
			productReference = 5C9C514F193841E600DC3CB3 /* demoClassClusters.app */;
			productType = "com.apple.product-type.application";
		};
		5C9C5172193841E600DC3CB3 /* demoClassClustersTests */ = {
			isa = PBXNativeTarget;
			buildConfigurationList = 5C9C5187193841E600DC3CB3 /* Build configuration list for PBXNativeTarget "demoClassClustersTests" */;
			buildPhases = (
				5C9C516F193841E600DC3CB3 /* Sources */,
				5C9C5170193841E600DC3CB3 /* Frameworks */,
				5C9C5171193841E600DC3CB3 /* Resources */,
			);
			buildRules = (
			);
			dependencies = (
				5C9C5179193841E600DC3CB3 /* PBXTargetDependency */,
			);
			name = demoClassClustersTests;
			productName = demoClassClustersTests;
			productReference = 5C9C5173193841E600DC3CB3 /* demoClassClustersTests.xctest */;
			productType = "com.apple.product-type.bundle.unit-test";
		};
/* End PBXNativeTarget section */

/* Begin PBXProject section */
		5C9C5147193841E600DC3CB3 /* Project object */ = {
			isa = PBXProject;
			attributes = {
				CLASSPREFIX = KK;
				LastUpgradeCheck = 0510;
				ORGANIZATIONNAME = kk;
				TargetAttributes = {
					5C9C5172193841E600DC3CB3 = {
						TestTargetID = 5C9C514E193841E600DC3CB3;
					};
				};
			};
			buildConfigurationList = 5C9C514A193841E600DC3CB3 /* Build configuration list for PBXProject "demoClassClusters" */;
			compatibilityVersion = "Xcode 3.2";
			developmentRegion = English;
			hasScannedForEncodings = 0;
			knownRegions = (
				en,
				Base,
			);
			mainGroup = 5C9C5146193841E600DC3CB3;
			productRefGroup = 5C9C5150193841E600DC3CB3 /* Products */;
			projectDirPath = "";
			projectRoot = "";
			targets = (
				5C9C514E193841E600DC3CB3 /* demoClassClusters */,
				5C9C5172193841E600DC3CB3 /* demoClassClustersTests */,
			);
		};
/* End PBXProject section */

/* Begin PBXResourcesBuildPhase section */
		5C9C514D193841E600DC3CB3 /* Resources */ = {
			isa = PBXResourcesBuildPhase;
			buildActionMask = 2147483647;
			files = (
				5C9C516E193841E600DC3CB3 /* Images.xcassets in Resources */,
				5C9C515D193841E600DC3CB3 /* InfoPlist.strings in Resources */,
				5C9C5166193841E600DC3CB3 /* Main.storyboard in Resources */,
			);
			runOnlyForDeploymentPostprocessing = 0;
		};
		5C9C5171193841E600DC3CB3 /* Resources */ = {
			isa = PBXResourcesBuildPhase;
			buildActionMask = 2147483647;
			files = (
				5C9C517F193841E600DC3CB3 /* InfoPlist.strings in Resources */,
			);
			runOnlyForDeploymentPostprocessing = 0;
		};
/* End PBXResourcesBuildPhase section */

/* Begin PBXSourcesBuildPhase section */
		5C9C514B193841E600DC3CB3 /* Sources */ = {
			isa = PBXSourcesBuildPhase;
			buildActionMask = 2147483647;
			files = (
				5C9C516C193841E600DC3CB3 /* KKSecondViewController.m in Sources */,
				5C9C5169193841E600DC3CB3 /* KKFirstViewController.m in Sources */,
				5C9C5163193841E600DC3CB3 /* KKAppDelegate.m in Sources */,
				5C9C515F193841E600DC3CB3 /* main.m in Sources */,
			);
			runOnlyForDeploymentPostprocessing = 0;
		};
		5C9C516F193841E600DC3CB3 /* Sources */ = {
			isa = PBXSourcesBuildPhase;
			buildActionMask = 2147483647;
			files = (
				5C9C5181193841E600DC3CB3 /* demoClassClustersTests.m in Sources */,
			);
			runOnlyForDeploymentPostprocessing = 0;
		};
/* End PBXSourcesBuildPhase section */

/* Begin PBXTargetDependency section */
		5C9C5179193841E600DC3CB3 /* PBXTargetDependency */ = {
			isa = PBXTargetDependency;
			target = 5C9C514E193841E600DC3CB3 /* demoClassClusters */;
			targetProxy = 5C9C5178193841E600DC3CB3 /* PBXContainerItemProxy */;
		};
/* End PBXTargetDependency section */

/* Begin PBXVariantGroup section */
		5C9C515B193841E600DC3CB3 /* InfoPlist.strings */ = {
			isa = PBXVariantGroup;
			children = (
				5C9C515C193841E600DC3CB3 /* en */,
			);
			name = InfoPlist.strings;
			sourceTree = "<group>";
		};
		5C9C5164193841E600DC3CB3 /* Main.storyboard */ = {
			isa = PBXVariantGroup;
			children = (
				5C9C5165193841E600DC3CB3 /* Base */,
			);
			name = Main.storyboard;
			sourceTree = "<group>";
		};
		5C9C517D193841E600DC3CB3 /* InfoPlist.strings */ = {
			isa = PBXVariantGroup;
			children = (
				5C9C517E193841E600DC3CB3 /* en */,
			);
			name = InfoPlist.strings;
			sourceTree = "<group>";
		};
/* End PBXVariantGroup section */

/* Begin XCBuildConfiguration section */
		5C9C5182193841E600DC3CB3 /* Debug */ = {
			isa = XCBuildConfiguration;
			buildSettings = {
				ALWAYS_SEARCH_USER_PATHS = NO;
				CLANG_CXX_LANGUAGE_STANDARD = "gnu++0x";
				CLANG_CXX_LIBRARY = "libc++";
				CLANG_ENABLE_MODULES = YES;
				CLANG_ENABLE_OBJC_ARC = YES;
				CLANG_WARN_BOOL_CONVERSION = YES;
				CLANG_WARN_CONSTANT_CONVERSION = YES;
				CLANG_WARN_DIRECT_OBJC_ISA_USAGE = YES_ERROR;
				CLANG_WARN_EMPTY_BODY = YES;
				CLANG_WARN_ENUM_CONVERSION = YES;
				CLANG_WARN_INT_CONVERSION = YES;
				CLANG_WARN_OBJC_ROOT_CLASS = YES_ERROR;
				CLANG_WARN__DUPLICATE_METHOD_MATCH = YES;
				"CODE_SIGN_IDENTITY[sdk=iphoneos*]" = "iPhone Developer";
				COPY_PHASE_STRIP = NO;
				GCC_C_LANGUAGE_STANDARD = gnu99;
				GCC_DYNAMIC_NO_PIC = NO;
				GCC_OPTIMIZATION_LEVEL = 0;
				GCC_PREPROCESSOR_DEFINITIONS = (
					"DEBUG=1",
					"$(inherited)",
				);
				GCC_SYMBOLS_PRIVATE_EXTERN = NO;
				GCC_WARN_64_TO_32_BIT_CONVERSION = YES;
				GCC_WARN_ABOUT_RETURN_TYPE = YES_ERROR;
				GCC_WARN_UNDECLARED_SELECTOR = YES;
				GCC_WARN_UNINITIALIZED_AUTOS = YES_AGGRESSIVE;
				GCC_WARN_UNUSED_FUNCTION = YES;
				GCC_WARN_UNUSED_VARIABLE = YES;
				IPHONEOS_DEPLOYMENT_TARGET = 7.1;
				ONLY_ACTIVE_ARCH = YES;
				SDKROOT = iphoneos;
			};
			name = Debug;
		};
		5C9C5183193841E600DC3CB3 /* Release */ = {
			isa = XCBuildConfiguration;
			buildSettings = {
				ALWAYS_SEARCH_USER_PATHS = NO;
				CLANG_CXX_LANGUAGE_STANDARD = "gnu++0x";
				CLANG_CXX_LIBRARY = "libc++";
				CLANG_ENABLE_MODULES = YES;
				CLANG_ENABLE_OBJC_ARC = YES;
				CLANG_WARN_BOOL_CONVERSION = YES;
				CLANG_WARN_CONSTANT_CONVERSION = YES;
				CLANG_WARN_DIRECT_OBJC_ISA_USAGE = YES_ERROR;
				CLANG_WARN_EMPTY_BODY = YES;
				CLANG_WARN_ENUM_CONVERSION = YES;
				CLANG_WARN_INT_CONVERSION = YES;
				CLANG_WARN_OBJC_ROOT_CLASS = YES_ERROR;
				CLANG_WARN__DUPLICATE_METHOD_MATCH = YES;
				"CODE_SIGN_IDENTITY[sdk=iphoneos*]" = "iPhone Developer";
				COPY_PHASE_STRIP = YES;
				ENABLE_NS_ASSERTIONS = NO;
				GCC_C_LANGUAGE_STANDARD = gnu99;
				GCC_WARN_64_TO_32_BIT_CONVERSION = YES;
				GCC_WARN_ABOUT_RETURN_TYPE = YES_ERROR;
				GCC_WARN_UNDECLARED_SELECTOR = YES;
				GCC_WARN_UNINITIALIZED_AUTOS = YES_AGGRESSIVE;
				GCC_WARN_UNUSED_FUNCTION = YES;
				GCC_WARN_UNUSED_VARIABLE = YES;
				IPHONEOS_DEPLOYMENT_TARGET = 7.1;
				SDKROOT = iphoneos;
				VALIDATE_PRODUCT = YES;
			};
			name = Release;
		};
		5C9C5185193841E600DC3CB3 /* Debug */ = {
			isa = XCBuildConfiguration;
			buildSettings = {
				ASSETCATALOG_COMPILER_APPICON_NAME = AppIcon;
				ASSETCATALOG_COMPILER_LAUNCHIMAGE_NAME = LaunchImage;
				GCC_PRECOMPILE_PREFIX_HEADER = YES;
				GCC_PREFIX_HEADER = "demoClassClusters/demoClassClusters-Prefix.pch";
				INFOPLIST_FILE = "demoClassClusters/demoClassClusters-Info.plist";
				PRODUCT_NAME = "$(TARGET_NAME)";
				WRAPPER_EXTENSION = app;
			};
			name = Debug;
		};
		5C9C5186193841E600DC3CB3 /* Release */ = {
			isa = XCBuildConfiguration;
			buildSettings = {
				ASSETCATALOG_COMPILER_APPICON_NAME = AppIcon;
				ASSETCATALOG_COMPILER_LAUNCHIMAGE_NAME = LaunchImage;
				GCC_PRECOMPILE_PREFIX_HEADER = YES;
				GCC_PREFIX_HEADER = "demoClassClusters/demoClassClusters-Prefix.pch";
				INFOPLIST_FILE = "demoClassClusters/demoClassClusters-Info.plist";
				PRODUCT_NAME = "$(TARGET_NAME)";
				WRAPPER_EXTENSION = app;
			};
			name = Release;
		};
		5C9C5188193841E600DC3CB3 /* Debug */ = {
			isa = XCBuildConfiguration;
			buildSettings = {
				BUNDLE_LOADER = "$(BUILT_PRODUCTS_DIR)/demoClassClusters.app/demoClassClusters";
				FRAMEWORK_SEARCH_PATHS = (
					"$(SDKROOT)/Developer/Library/Frameworks",
					"$(inherited)",
					"$(DEVELOPER_FRAMEWORKS_DIR)",
				);
				GCC_PRECOMPILE_PREFIX_HEADER = YES;
				GCC_PREFIX_HEADER = "demoClassClusters/demoClassClusters-Prefix.pch";
				GCC_PREPROCESSOR_DEFINITIONS = (
					"DEBUG=1",
					"$(inherited)",
				);
				INFOPLIST_FILE = "demoClassClustersTests/demoClassClustersTests-Info.plist";
				PRODUCT_NAME = "$(TARGET_NAME)";
				TEST_HOST = "$(BUNDLE_LOADER)";
				WRAPPER_EXTENSION = xctest;
			};
			name = Debug;
		};
		5C9C5189193841E600DC3CB3 /* Release */ = {
			isa = XCBuildConfiguration;
			buildSettings = {
				BUNDLE_LOADER = "$(BUILT_PRODUCTS_DIR)/demoClassClusters.app/demoClassClusters";
				FRAMEWORK_SEARCH_PATHS = (
					"$(SDKROOT)/Developer/Library/Frameworks",
					"$(inherited)",
					"$(DEVELOPER_FRAMEWORKS_DIR)",
				);
				GCC_PRECOMPILE_PREFIX_HEADER = YES;
				GCC_PREFIX_HEADER = "demoClassClusters/demoClassClusters-Prefix.pch";
				INFOPLIST_FILE = "demoClassClustersTests/demoClassClustersTests-Info.plist";
				PRODUCT_NAME = "$(TARGET_NAME)";
				TEST_HOST = "$(BUNDLE_LOADER)";
				WRAPPER_EXTENSION = xctest;
			};
			name = Release;
		};
/* End XCBuildConfiguration section */

/* Begin XCConfigurationList section */
		5C9C514A193841E600DC3CB3 /* Build configuration list for PBXProject "demoClassClusters" */ = {
			isa = XCConfigurationList;
			buildConfigurations = (
				5C9C5182193841E600DC3CB3 /* Debug */,
				5C9C5183193841E600DC3CB3 /* Release */,
			);
			defaultConfigurationIsVisible = 0;
			defaultConfigurationName = Release;
		};
		5C9C5184193841E600DC3CB3 /* Build configuration list for PBXNativeTarget "demoClassClusters" */ = {
			isa = XCConfigurationList;
			buildConfigurations = (
				5C9C5185193841E600DC3CB3 /* Debug */,
				5C9C5186193841E600DC3CB3 /* Release */,
			);
			defaultConfigurationIsVisible = 0;
		};
		5C9C5187193841E600DC3CB3 /* Build configuration list for PBXNativeTarget "demoClassClustersTests" */ = {
			isa = XCConfigurationList;
			buildConfigurations = (
				5C9C5188193841E600DC3CB3 /* Debug */,
				5C9C5189193841E600DC3CB3 /* Release */,
			);
			defaultConfigurationIsVisible = 0;
		};
/* End XCConfigurationList section */
	};
	rootObject = 5C9C5147193841E600DC3CB3 /* Project object */;
}
